{
  "requires": true,
  "lockfileVersion": 1,
  "dependencies": {
    "react-ticker": {
      "version": "1.2.1",
      "resolved": "https://registry.npmjs.org/react-ticker/-/react-ticker-1.2.1.tgz",
      "integrity": "sha512-gDmNS3tqfRwyO9CA/2BSPX4esG+Gbj8L/uZQGSyOP8Lfh0J7vik8DPPl8QQO8+dOEEZPUdeZMV4hNcl7rmlAMw=="
    }
  }
}
